
Microsoft Visual Studio Solution File, Format Version 12.00
# Visual Studio Version 17
VisualStudioVersion = 17.0.31903.59
MinimumVisualStudioVersion = 10.0.40219.1
Project("{FAE04EC0-301F-11D3-BF4B-00C04F79EFBC}") = "RedRattlesnake.Api", "RedRattlesnake.Api\RedRattlesnake.Api.csproj", "{7414B904-F9FD-48BF-A125-DDE9708E4CE4}"
EndProject
Project("{FAE04EC0-301F-11D3-BF4B-00C04F79EFBC}") = "RedRattlesnake.Domain", "RedRattlesnake.Domain\RedRattlesnake.Domain.csproj", "{116BF2DA-CDDB-4AD9-B3DF-D97959BF9B08}"
EndProject
Project("{FAE04EC0-301F-11D3-BF4B-00C04F79EFBC}") = "RedRattlesnake.Data", "RedRattlesnake.Data\RedRattlesnake.Data.csproj", "{9D561EBD-41AA-4840-BAA7-E6225CEF1F13}"
EndProject
Global
	GlobalSection(SolutionConfigurationPlatforms) = preSolution
		Debug|Any CPU = Debug|Any CPU
		Release|Any CPU = Release|Any CPU
	EndGlobalSection
	GlobalSection(SolutionProperties) = preSolution
		HideSolutionNode = FALSE
	EndGlobalSection
	GlobalSection(ProjectConfigurationPlatforms) = postSolution
		{7414B904-F9FD-48BF-A125-DDE9708E4CE4}.Debug|Any CPU.ActiveCfg = Debug|Any CPU
		{7414B904-F9FD-48BF-A125-DDE9708E4CE4}.Debug|Any CPU.Build.0 = Debug|Any CPU
		{7414B904-F9FD-48BF-A125-DDE9708E4CE4}.Release|Any CPU.ActiveCfg = Release|Any CPU
		{7414B904-F9FD-48BF-A125-DDE9708E4CE4}.Release|Any CPU.Build.0 = Release|Any CPU
		{116BF2DA-CDDB-4AD9-B3DF-D97959BF9B08}.Debug|Any CPU.ActiveCfg = Debug|Any CPU
		{116BF2DA-CDDB-4AD9-B3DF-D97959BF9B08}.Debug|Any CPU.Build.0 = Debug|Any CPU
		{116BF2DA-CDDB-4AD9-B3DF-D97959BF9B08}.Release|Any CPU.ActiveCfg = Release|Any CPU
		{116BF2DA-CDDB-4AD9-B3DF-D97959BF9B08}.Release|Any CPU.Build.0 = Release|Any CPU
		{9D561EBD-41AA-4840-BAA7-E6225CEF1F13}.Debug|Any CPU.ActiveCfg = Debug|Any CPU
		{9D561EBD-41AA-4840-BAA7-E6225CEF1F13}.Debug|Any CPU.Build.0 = Debug|Any CPU
		{9D561EBD-41AA-4840-BAA7-E6225CEF1F13}.Release|Any CPU.ActiveCfg = Release|Any CPU
		{9D561EBD-41AA-4840-BAA7-E6225CEF1F13}.Release|Any CPU.Build.0 = Release|Any CPU
	EndGlobalSection
EndGlobal
